
Microsoft Visual Studio Solution File, Format Version 12.00
# Visual Studio Version 17
VisualStudioVersion = 17.8.34525.116
MinimumVisualStudioVersion = 10.0.40219.1
Project("{FAE04EC0-301F-11D3-BF4B-00C04F79EFBC}") = "26.02.2024 Entity Framework", "26.02.2024 Entity Framework\26.02.2024 Entity Framework.csproj", "{CE171170-138C-4EA9-8944-16F089ABB06A}"
EndProject
Global
	GlobalSection(SolutionConfigurationPlatforms) = preSolution
		Debug|Any CPU = Debug|Any CPU
		Release|Any CPU = Release|Any CPU
	EndGlobalSection
	GlobalSection(ProjectConfigurationPlatforms) = postSolution
		{CE171170-138C-4EA9-8944-16F089ABB06A}.Debug|Any CPU.ActiveCfg = Debug|Any CPU
		{CE171170-138C-4EA9-8944-16F089ABB06A}.Debug|Any CPU.Build.0 = Debug|Any CPU
		{CE171170-138C-4EA9-8944-16F089ABB06A}.Release|Any CPU.ActiveCfg = Release|Any CPU
		{CE171170-138C-4EA9-8944-16F089ABB06A}.Release|Any CPU.Build.0 = Release|Any CPU
	EndGlobalSection
	GlobalSection(SolutionProperties) = preSolution
		HideSolutionNode = FALSE
	EndGlobalSection
	GlobalSection(ExtensibilityGlobals) = postSolution
		SolutionGuid = {F7CA9ABE-330D-46AA-B9D3-0E4EA1E6D1E6}
	EndGlobalSection
EndGlobal
