
Microsoft Visual Studio Solution File, Format Version 12.00
# Visual Studio Version 17
VisualStudioVersion = 17.8.34525.116
MinimumVisualStudioVersion = 10.0.40219.1
Project("{FAE04EC0-301F-11D3-BF4B-00C04F79EFBC}") = "14.02.2024 StationeryCompany", "14.02.2024 StationeryCompany\14.02.2024 StationeryCompany.csproj", "{DCCB1307-2132-4590-BF9B-B3730DE2F375}"
EndProject
Global
	GlobalSection(SolutionConfigurationPlatforms) = preSolution
		Debug|Any CPU = Debug|Any CPU
		Release|Any CPU = Release|Any CPU
	EndGlobalSection
	GlobalSection(ProjectConfigurationPlatforms) = postSolution
		{DCCB1307-2132-4590-BF9B-B3730DE2F375}.Debug|Any CPU.ActiveCfg = Debug|Any CPU
		{DCCB1307-2132-4590-BF9B-B3730DE2F375}.Debug|Any CPU.Build.0 = Debug|Any CPU
		{DCCB1307-2132-4590-BF9B-B3730DE2F375}.Release|Any CPU.ActiveCfg = Release|Any CPU
		{DCCB1307-2132-4590-BF9B-B3730DE2F375}.Release|Any CPU.Build.0 = Release|Any CPU
	EndGlobalSection
	GlobalSection(SolutionProperties) = preSolution
		HideSolutionNode = FALSE
	EndGlobalSection
	GlobalSection(ExtensibilityGlobals) = postSolution
		SolutionGuid = {B0B6BD59-1892-4D9F-80AC-79A8479047C8}
	EndGlobalSection
EndGlobal
